schema: '2.0'
stages:
  load_clean:
    cmd: python ds_template/dvc_steps/load_clean.py --input_path data/raw_data/customers.csv
      --output_path data/cleaned/clean_customers.pqt
    deps:
    - path: data/raw_data/customers.csv
      hash: md5
      md5: 2259cf62d48382a70f2f7c384831bb9e
      size: 970
    - path: ds_template/dvc_steps/load_clean.py
      hash: md5
      md5: acea192d7aed9e82bd01f14b7f3791f9
      size: 1073
    params:
      dvc/params.yaml:
        load_clean:
          input_path: data/raw_data/customers.csv
          output_path: data/cleaned/clean_customers.pqt
    outs:
    - path: data/cleaned/clean_customers.pqt
      hash: md5
      md5: 44a89f1755d28f184ecb831bb10f1e3a
      size: 4713
  feature:
    cmd: python ds_template/dvc_steps/feature.py --column_name first_name --input_path
      data/cleaned/clean_customers.pqt --output_path data/features/customers_feature.pqt
    deps:
    - path: data/cleaned/clean_customers.pqt
      hash: md5
      md5: 44a89f1755d28f184ecb831bb10f1e3a
      size: 4713
    - path: ds_template/dvc_steps/feature.py
      hash: md5
      md5: 2ceb74fab0e3e99a92140b2a8ce7d152
      size: 1291
    params:
      dvc/params.yaml:
        feature:
          column_name: first_name
          output_path: data/features/customers_feature.pqt
    outs:
    - path: data/features/customers_feature.pqt
      hash: md5
      md5: 30ca8396d1c3215eaf9871ad1a9c56ed
      size: 499
  featurize:
    cmd: python ds_template/dvc_steps/featurize.py --column_name first_name --input_path
      data/cleaned/clean_customers.pqt --output_path data/features/customers_feature.pqt
      --obj_path data/obj/customers_feature.pkl
    deps:
    - path: data/cleaned/clean_customers.pqt
      hash: md5
      md5: 44a89f1755d28f184ecb831bb10f1e3a
      size: 4713
    - path: ds_template/dvc_steps/featurize.py
      hash: md5
      md5: 990b4d4497e19c2f8a020a59390a47e5
      size: 1852
    - path: ds_template/features/mock_feature.py
      hash: md5
      md5: 58d4c016a48f29586e086dd16dc64c44
      size: 745
    params:
      dvc/params.yaml:
        feature:
          column_name: first_name
          output_path: data/features/customers_feature.pqt
          obj_path: data/obj/customers_feature.pkl
    outs:
    - path: data/features/customers_feature.pqt
      hash: md5
      md5: 1c8a5b8e6caea1760bf71d0b04317454
      size: 524
    - path: data/obj/customers_feature.pkl
      hash: md5
      md5: dd95b115e75ecca089876f72a7ea794c
      size: 98
